
Microsoft Visual Studio Solution File, Format Version 12.00
# Visual Studio Version 16
VisualStudioVersion = 16.0.29006.145
MinimumVisualStudioVersion = 10.0.40219.1
Project("{9A19103F-16F7-4668-BE54-9A1E7A4F7556}") = "Woof.Windows", "Woof.Windows.csproj", "{E4969814-5056-430B-9BD7-3F6FCA4300A9}"
EndProject
Global
	GlobalSection(SolutionConfigurationPlatforms) = preSolution
		Debug|Any CPU = Debug|Any CPU
		Release|Any CPU = Release|Any CPU
	EndGlobalSection
	GlobalSection(ProjectConfigurationPlatforms) = postSolution
		{E4969814-5056-430B-9BD7-3F6FCA4300A9}.Debug|Any CPU.ActiveCfg = Debug|Any CPU
		{E4969814-5056-430B-9BD7-3F6FCA4300A9}.Debug|Any CPU.Build.0 = Debug|Any CPU
		{E4969814-5056-430B-9BD7-3F6FCA4300A9}.Release|Any CPU.ActiveCfg = Release|Any CPU
		{E4969814-5056-430B-9BD7-3F6FCA4300A9}.Release|Any CPU.Build.0 = Release|Any CPU
	EndGlobalSection
	GlobalSection(SolutionProperties) = preSolution
		HideSolutionNode = FALSE
	EndGlobalSection
	GlobalSection(ExtensibilityGlobals) = postSolution
		SolutionGuid = {BE0F248F-C2F3-462A-B2ED-9F74C54E4F4C}
	EndGlobalSection
EndGlobal
